
Microsoft Visual Studio Solution File, Format Version 12.00
# Visual Studio Express 14 for Web
VisualStudioVersion = 14.0.25420.1
MinimumVisualStudioVersion = 10.0.40219.1
Project("{FAE04EC0-301F-11D3-BF4B-00C04F79EFBC}") = "BAL", "BAL\BAL.csproj", "{CED56BE5-C99E-466D-BB91-C8582C7613E1}"
EndProject
Project("{FAE04EC0-301F-11D3-BF4B-00C04F79EFBC}") = "UILayer", "UILayer\UILayer.csproj", "{D8A54F82-82E9-4DDC-9EA6-2FFAEAE2CDD3}"
EndProject
Project("{FAE04EC0-301F-11D3-BF4B-00C04F79EFBC}") = "WebApp", "WebApp\WebApp.csproj", "{DDD75CBE-6CB9-4408-AA3B-763AFEF90B39}"
EndProject
Global
	GlobalSection(SolutionConfigurationPlatforms) = preSolution
		Debug|Any CPU = Debug|Any CPU
		Release|Any CPU = Release|Any CPU
	EndGlobalSection
	GlobalSection(ProjectConfigurationPlatforms) = postSolution
		{CED56BE5-C99E-466D-BB91-C8582C7613E1}.Debug|Any CPU.ActiveCfg = Debug|Any CPU
		{CED56BE5-C99E-466D-BB91-C8582C7613E1}.Debug|Any CPU.Build.0 = Debug|Any CPU
		{CED56BE5-C99E-466D-BB91-C8582C7613E1}.Release|Any CPU.ActiveCfg = Release|Any CPU
		{CED56BE5-C99E-466D-BB91-C8582C7613E1}.Release|Any CPU.Build.0 = Release|Any CPU
		{D8A54F82-82E9-4DDC-9EA6-2FFAEAE2CDD3}.Debug|Any CPU.ActiveCfg = Debug|Any CPU
		{D8A54F82-82E9-4DDC-9EA6-2FFAEAE2CDD3}.Debug|Any CPU.Build.0 = Debug|Any CPU
		{D8A54F82-82E9-4DDC-9EA6-2FFAEAE2CDD3}.Release|Any CPU.ActiveCfg = Release|Any CPU
		{D8A54F82-82E9-4DDC-9EA6-2FFAEAE2CDD3}.Release|Any CPU.Build.0 = Release|Any CPU
		{DDD75CBE-6CB9-4408-AA3B-763AFEF90B39}.Debug|Any CPU.ActiveCfg = Debug|Any CPU
		{DDD75CBE-6CB9-4408-AA3B-763AFEF90B39}.Debug|Any CPU.Build.0 = Debug|Any CPU
		{DDD75CBE-6CB9-4408-AA3B-763AFEF90B39}.Release|Any CPU.ActiveCfg = Release|Any CPU
		{DDD75CBE-6CB9-4408-AA3B-763AFEF90B39}.Release|Any CPU.Build.0 = Release|Any CPU
	EndGlobalSection
	GlobalSection(SolutionProperties) = preSolution
		HideSolutionNode = FALSE
	EndGlobalSection
EndGlobal
